{
  "name": "property-accessors",
  "version": "1.1.4",
  "lockfileVersion": 2,
  "requires": true,
  "packages": {
    "": {
      "name": "property-accessors",
      "version": "1.1.4",
      "dependencies": {
        "mixto": "1.x"
      },
      "devDependencies": {
        "jasmine-focused": "1.x"
      }
    },
    "node_modules/@xmldom/xmldom": {
      "version": "0.8.8",
      "resolved": "https://registry.npmjs.org/@xmldom/xmldom/-/xmldom-0.8.8.tgz",
      "integrity": "sha512-0LNz4EY8B/8xXY86wMrQ4tz6zEHZv9ehFMJPm8u2gq5lQ71cfRKdaKyxfJAx5aUoyzx0qzgURblTisPGgz3d+Q==",
      "dev": true,
      "engines": {
        "node": ">=10.0.0"
      }
    },
    "node_modules/amdefine": {
      "version": "1.0.1",
      "resolved": "https://registry.npmjs.org/amdefine/-/amdefine-1.0.1.tgz",
      "integrity": "sha512-S2Hw0TtNkMJhIabBwIojKL9YHO5T0n5eNqWJ7Lrlel/zDbftQpxpapi8tZs3X1HWa+u+QeydGmzzNU0m09+Rcg==",
      "dev": true,
      "engines": {
        "node": ">=0.4.2"
      }
    },
    "node_modules/balanced-match": {
      "version": "1.0.2",
      "resolved": "https://registry.npmjs.org/balanced-match/-/balanced-match-1.0.2.tgz",
      "integrity": "sha512-3oSeUO0TMV67hN1AmbXsK4yaqU7tjiHlbxRDZOpH0KW9+CeX4bRAaX0Anxt0tx2MrpRpWwQaPwIlISEJhYU5Pw==",
      "dev": true
    },
    "node_modules/brace-expansion": {
      "version": "1.1.11",
      "resolved": "https://registry.npmjs.org/brace-expansion/-/brace-expansion-1.1.11.tgz",
      "integrity": "sha512-iCuPHDFgrHX7H2vEI/5xpz07zSHB00TpugqhmYtVmMO6518mCuRMoOYFldEBl0g187ufozdaHgWKcYFb61qGiA==",
      "dev": true,
      "dependencies": {
        "balanced-match": "^1.0.0",
        "concat-map": "0.0.1"
      }
    },
    "node_modules/coffee-script": {
      "version": "1.3.3",
      "resolved": "https://registry.npmjs.org/coffee-script/-/coffee-script-1.3.3.tgz",
      "integrity": "sha512-QjQ1T4BqyHv19k6XSfdhy/QLlIOhywz0ekBUCa9h71zYMJlfDTGan/Z1JXzYkZ6v8R+GhvL/p4FZPbPW8WNXlg==",
      "deprecated": "CoffeeScript on NPM has moved to \"coffeescript\" (no hyphen)",
      "dev": true,
      "bin": {
        "cake": "bin/cake",
        "coffee": "bin/coffee"
      },
      "engines": {
        "node": ">=0.4.0"
      }
    },
    "node_modules/coffeestack": {
      "version": "1.2.0",
      "resolved": "https://registry.npmjs.org/coffeestack/-/coffeestack-1.2.0.tgz",
      "integrity": "sha512-vXT7ZxSZ4lXHh/0A2cODyFqrVIl4Vb0Er5wcS2SrFN4jW8g1qIAmcMsRlRdUKvnvfmKixvENYspAyF/ihWbpyw==",
      "dev": true,
      "dependencies": {
        "coffee-script": "~1.8.0",
        "fs-plus": "^3.1.1",
        "source-map": "~0.1.43"
      }
    },
    "node_modules/coffeestack/node_modules/coffee-script": {
      "version": "1.8.0",
      "resolved": "https://registry.npmjs.org/coffee-script/-/coffee-script-1.8.0.tgz",
      "integrity": "sha512-EvLTMcu9vR6G1yfnz75yrISvhq1eBPC+pZbQhHzTiC5vXgpYIrArxQc5tB+SYfBi3souVdSZ4AZzYxI72oLXUw==",
      "deprecated": "CoffeeScript on NPM has moved to \"coffeescript\" (no hyphen)",
      "dev": true,
      "dependencies": {
        "mkdirp": "~0.3.5"
      },
      "bin": {
        "cake": "bin/cake",
        "coffee": "bin/coffee"
      },
      "engines": {
        "node": ">=0.8.0"
      }
    },
    "node_modules/concat-map": {
      "version": "0.0.1",
      "resolved": "https://registry.npmjs.org/concat-map/-/concat-map-0.0.1.tgz",
      "integrity": "sha512-/Srv4dswyQNBfohGpz9o6Yb3Gz3SrUDqBH5rTuhGR7ahtlbYKnVxw2bCFMRljaA7EXHaXZ8wsHdodFvbkhKmqg==",
      "dev": true
    },
    "node_modules/fileset": {
      "version": "0.1.8",
      "resolved": "https://registry.npmjs.org/fileset/-/fileset-0.1.8.tgz",
      "integrity": "sha512-Gg0/Iy/v4BfdGWZpbpVBPKIYcap7jMn2uT5lcIDZyMFZR35VDojrJnIAwWjCj7ZOqsGp3j+ExWKqnfGrz4q0fg==",
      "dev": true,
      "dependencies": {
        "glob": "3.x",
        "minimatch": "0.x"
      }
    },
    "node_modules/fs-plus": {
      "version": "3.1.1",
      "resolved": "https://registry.npmjs.org/fs-plus/-/fs-plus-3.1.1.tgz",
      "integrity": "sha512-Se2PJdOWXqos1qVTkvqqjb0CSnfBnwwD+pq+z4ksT+e97mEShod/hrNg0TRCCsXPbJzcIq+NuzQhigunMWMJUA==",
      "dev": true,
      "dependencies": {
        "async": "^1.5.2",
        "mkdirp": "^0.5.1",
        "rimraf": "^2.5.2",
        "underscore-plus": "1.x"
      }
    },
    "node_modules/fs-plus/node_modules/async": {
      "version": "1.5.2",
      "resolved": "https://registry.npmjs.org/async/-/async-1.5.2.tgz",
      "integrity": "sha512-nSVgobk4rv61R9PUSDtYt7mPVB2olxNR5RWJcAsH676/ef11bUZwvu7+RGYrYauVdDPcO519v68wRhXQtxsV9w==",
      "dev": true
    },
    "node_modules/fs-plus/node_modules/minimist": {
      "version": "1.2.8",
      "resolved": "https://registry.npmjs.org/minimist/-/minimist-1.2.8.tgz",
      "integrity": "sha512-2yyAR8qBkN3YuheJanUpWC5U3bb5osDywNB8RzDVlDwDHbocAJveqqj1u8+SVD7jkWT4yvsHCpWqqWqAxb0zCA==",
      "dev": true,
      "funding": {
        "url": "https://github.com/sponsors/ljharb"
      }
    },
    "node_modules/fs-plus/node_modules/mkdirp": {
      "version": "0.5.6",
      "resolved": "https://registry.npmjs.org/mkdirp/-/mkdirp-0.5.6.tgz",
      "integrity": "sha512-FP+p8RB8OWpF3YZBCrP5gtADmtXApB5AMLn+vdyA+PyxCjrCs00mjyUozssO33cwDeT3wNGdLxJ5M//YqtHAJw==",
      "dev": true,
      "dependencies": {
        "minimist": "^1.2.6"
      },
      "bin": {
        "mkdirp": "bin/cmd.js"
      }
    },
    "node_modules/fs.realpath": {
      "version": "1.0.0",
      "resolved": "https://registry.npmjs.org/fs.realpath/-/fs.realpath-1.0.0.tgz",
      "integrity": "sha512-OO0pH2lK6a0hZnAdau5ItzHPI6pUlvI7jMVnxUQRtw4owF2wk8lOSabtGDCTP4Ggrg2MbGnWO9X8K1t4+fGMDw==",
      "dev": true
    },
    "node_modules/gaze": {
      "version": "0.3.4",
      "resolved": "https://registry.npmjs.org/gaze/-/gaze-0.3.4.tgz",
      "integrity": "sha512-vIK81ZT20o9X0LOHYDGo5Phq6FaQRjDjBN2KkbYSxlaXnN1WDH0Op0tPThqNVA8ZnmN/TYNZfGHAVkBTrdeBIQ==",
      "dev": true,
      "dependencies": {
        "fileset": "~0.1.5",
        "minimatch": "~0.2.9"
      },
      "engines": {
        "node": ">= 0.6.0"
      }
    },
    "node_modules/glob": {
      "version": "3.1.21",
      "resolved": "https://registry.npmjs.org/glob/-/glob-3.1.21.tgz",
      "integrity": "sha512-ANhy2V2+tFpRajE3wN4DhkNQ08KDr0Ir1qL12/cUe5+a7STEK8jkW4onUYuY8/06qAFuT5je7mjAqzx0eKI2tQ==",
      "dev": true,
      "dependencies": {
        "graceful-fs": "~1.2.0",
        "inherits": "1",
        "minimatch": "~0.2.11"
      },
      "engines": {
        "node": "*"
      }
    },
    "node_modules/graceful-fs": {
      "version": "1.2.3",
      "resolved": "https://registry.npmjs.org/graceful-fs/-/graceful-fs-1.2.3.tgz",
      "integrity": "sha512-iiTUZ5vZ+2ZV+h71XAgwCSu6+NAizhFU3Yw8aC/hH5SQ3SnISqEqAek40imAFGtDcwJKNhXvSY+hzIolnLwcdQ==",
      "deprecated": "please upgrade to graceful-fs 4 for compatibility with current and future versions of Node.js",
      "dev": true,
      "engines": {
        "node": ">=0.4.0"
      }
    },
    "node_modules/inflight": {
      "version": "1.0.6",
      "resolved": "https://registry.npmjs.org/inflight/-/inflight-1.0.6.tgz",
      "integrity": "sha512-k92I/b08q4wvFscXCLvqfsHCrjrF7yiXsQuIVvVE7N82W3+aqpzuUdBbfhWcy/FZR3/4IgflMgKLOsvPDrGCJA==",
      "dev": true,
      "dependencies": {
        "once": "^1.3.0",
        "wrappy": "1"
      }
    },
    "node_modules/inherits": {
      "version": "1.0.2",
      "resolved": "https://registry.npmjs.org/inherits/-/inherits-1.0.2.tgz",
      "integrity": "sha512-Al67oatbRSo3RV5hRqIoln6Y5yMVbJSIn4jEJNL7VCImzq/kLr7vvb6sFRJXqr8rpHc/2kJOM+y0sPKN47VdzA==",
      "dev": true
    },
    "node_modules/jasmine-focused": {
      "version": "1.0.7",
      "resolved": "https://registry.npmjs.org/jasmine-focused/-/jasmine-focused-1.0.7.tgz",
      "integrity": "sha512-FYJImuqPz3O0T1aOBrRfwgGNMfp/NAa2ywmqDkKWZ1hAxXZ4ZAzfFZ8AK+yKfWpCQSjXFqPuFaKoNTJyvS2sWw==",
      "dev": true,
      "dependencies": {
        "jasmine-node": "git+https://github.com/kevinsawicki/jasmine-node.git#81af4f953a2b7dfb5bde8331c05362a4b464c5ef",
        "underscore-plus": "1.x",
        "walkdir": "0.0.7"
      },
      "bin": {
        "jasmine-focused": "bin/jasmine-focused",
        "nof": "bin/nof"
      }
    },
    "node_modules/jasmine-node": {
      "version": "1.10.2",
      "resolved": "git+ssh://git@github.com/kevinsawicki/jasmine-node.git#81af4f953a2b7dfb5bde8331c05362a4b464c5ef",
      "integrity": "sha512-9/CfhW6xutlSUf/ZJ67kFqYxa4TE2B33EhHJkjQWijIIYx7XtYm+9Zhmf8401Xn1+m+ZcdOwaM8ldxCPiMFNyw==",
      "dev": true,
      "dependencies": {
        "coffee-script": ">=1.0.1",
        "coffeestack": ">=1 <2",
        "gaze": "~0.3.2",
        "jasmine-reporters": ">=0.2.0",
        "mkdirp": "~0.3.5",
        "requirejs": ">=0.27.1",
        "underscore": ">= 1.3.1",
        "walkdir": ">= 0.0.1"
      },
      "bin": {
        "jasmine-node": "bin/jasmine-node"
      }
    },
    "node_modules/jasmine-reporters": {
      "version": "2.5.2",
      "resolved": "https://registry.npmjs.org/jasmine-reporters/-/jasmine-reporters-2.5.2.tgz",
      "integrity": "sha512-qdewRUuFOSiWhiyWZX8Yx3YNQ9JG51ntBEO4ekLQRpktxFTwUHy24a86zD/Oi2BRTKksEdfWQZcQFqzjqIkPig==",
      "dev": true,
      "dependencies": {
        "@xmldom/xmldom": "^0.8.5",
        "mkdirp": "^1.0.4"
      }
    },
    "node_modules/jasmine-reporters/node_modules/mkdirp": {
      "version": "1.0.4",
      "resolved": "https://registry.npmjs.org/mkdirp/-/mkdirp-1.0.4.tgz",
      "integrity": "sha512-vVqVZQyf3WLx2Shd0qJ9xuvqgAyKPLAiqITEtqW0oIUjzo3PePDd6fW9iFz30ef7Ysp/oiWqbhszeGWW2T6Gzw==",
      "dev": true,
      "bin": {
        "mkdirp": "bin/cmd.js"
      },
      "engines": {
        "node": ">=10"
      }
    },
    "node_modules/lru-cache": {
      "version": "2.7.3",
      "resolved": "https://registry.npmjs.org/lru-cache/-/lru-cache-2.7.3.tgz",
      "integrity": "sha512-WpibWJ60c3AgAz8a2iYErDrcT2C7OmKnsWhIcHOjkUHFjkXncJhtLxNSqUmxRxRunpb5I8Vprd7aNSd2NtksJQ==",
      "dev": true
    },
    "node_modules/minimatch": {
      "version": "0.2.14",
      "resolved": "https://registry.npmjs.org/minimatch/-/minimatch-0.2.14.tgz",
      "integrity": "sha512-zZ+Jy8lVWlvqqeM8iZB7w7KmQkoJn8djM585z88rywrEbzoqawVa9FR5p2hwD+y74nfuKOjmNvi9gtWJNLqHvA==",
      "deprecated": "Please update to minimatch 3.0.2 or higher to avoid a RegExp DoS issue",
      "dev": true,
      "dependencies": {
        "lru-cache": "2",
        "sigmund": "~1.0.0"
      },
      "engines": {
        "node": "*"
      }
    },
    "node_modules/mixto": {
      "version": "1.0.0",
      "resolved": "https://registry.npmjs.org/mixto/-/mixto-1.0.0.tgz",
      "integrity": "sha512-g2Kg8O3ww9RbWuPnAgTsAhe+aBwVXoo/lhYyDKTYPiLKdJofAr97O8zTFzW5UfiJUoeJbmXLmcjDAF7/Egwi8Q=="
    },
    "node_modules/mkdirp": {
      "version": "0.3.5",
      "resolved": "https://registry.npmjs.org/mkdirp/-/mkdirp-0.3.5.tgz",
      "integrity": "sha512-8OCq0De/h9ZxseqzCH8Kw/Filf5pF/vMI6+BH7Lu0jXz2pqYCjTAQRolSxRIi+Ax+oCCjlxoJMP0YQ4XlrQNHg==",
      "deprecated": "Legacy versions of mkdirp are no longer supported. Please update to mkdirp 1.x. (Note that the API surface has changed to use Promises in 1.x.)",
      "dev": true
    },
    "node_modules/once": {
      "version": "1.4.0",
      "resolved": "https://registry.npmjs.org/once/-/once-1.4.0.tgz",
      "integrity": "sha512-lNaJgI+2Q5URQBkccEKHTQOPaXdUxnZZElQTZY0MFUAuaEqe1E+Nyvgdz/aIyNi6Z9MzO5dv1H8n58/GELp3+w==",
      "dev": true,
      "dependencies": {
        "wrappy": "1"
      }
    },
    "node_modules/path-is-absolute": {
      "version": "1.0.1",
      "resolved": "https://registry.npmjs.org/path-is-absolute/-/path-is-absolute-1.0.1.tgz",
      "integrity": "sha512-AVbw3UJ2e9bq64vSaS9Am0fje1Pa8pbGqTTsmXfaIiMpnr5DlDhfJOuLj9Sf95ZPVDAUerDfEk88MPmPe7UCQg==",
      "dev": true,
      "engines": {
        "node": ">=0.10.0"
      }
    },
    "node_modules/requirejs": {
      "version": "2.3.6",
      "resolved": "https://registry.npmjs.org/requirejs/-/requirejs-2.3.6.tgz",
      "integrity": "sha512-ipEzlWQe6RK3jkzikgCupiTbTvm4S0/CAU5GlgptkN5SO6F3u0UD0K18wy6ErDqiCyP4J4YYe1HuAShvsxePLg==",
      "dev": true,
      "bin": {
        "r_js": "bin/r.js",
        "r.js": "bin/r.js"
      },
      "engines": {
        "node": ">=0.4.0"
      }
    },
    "node_modules/rimraf": {
      "version": "2.5.4",
      "resolved": "https://registry.npmjs.org/rimraf/-/rimraf-2.5.4.tgz",
      "integrity": "sha512-Lw7SHMjssciQb/rRz7JyPIy9+bbUshEucPoLRvWqy09vC5zQixl8Uet+Zl+SROBB/JMWHJRdCk1qdxNWHNMvlQ==",
      "dev": true,
      "dependencies": {
        "glob": "^7.0.5"
      },
      "bin": {
        "rimraf": "bin.js"
      }
    },
    "node_modules/rimraf/node_modules/glob": {
      "version": "7.2.3",
      "resolved": "https://registry.npmjs.org/glob/-/glob-7.2.3.tgz",
      "integrity": "sha512-nFR0zLpU2YCaRxwoCJvL6UvCH2JFyFVIvwTLsIf21AuHlMskA1hhTdk+LlYJtOlYt9v6dvszD2BGRqBL+iQK9Q==",
      "dev": true,
      "dependencies": {
        "fs.realpath": "^1.0.0",
        "inflight": "^1.0.4",
        "inherits": "2",
        "minimatch": "^3.1.1",
        "once": "^1.3.0",
        "path-is-absolute": "^1.0.0"
      },
      "engines": {
        "node": "*"
      },
      "funding": {
        "url": "https://github.com/sponsors/isaacs"
      }
    },
    "node_modules/rimraf/node_modules/inherits": {
      "version": "2.0.4",
      "resolved": "https://registry.npmjs.org/inherits/-/inherits-2.0.4.tgz",
      "integrity": "sha512-k/vGaX4/Yla3WzyMCvTQOXYeIHvqOKtnqBduzTHpzpQZzAskKMhZ2K+EnBiSM9zGSoIFeMpXKxa4dYeZIQqewQ==",
      "dev": true
    },
    "node_modules/rimraf/node_modules/minimatch": {
      "version": "3.1.2",
      "resolved": "https://registry.npmjs.org/minimatch/-/minimatch-3.1.2.tgz",
      "integrity": "sha512-J7p63hRiAjw1NDEww1W7i37+ByIrOWO5XQQAzZ3VOcL0PNybwpfmV/N05zFAzwQ9USyEcX6t3UO+K5aqBQOIHw==",
      "dev": true,
      "dependencies": {
        "brace-expansion": "^1.1.7"
      },
      "engines": {
        "node": "*"
      }
    },
    "node_modules/sigmund": {
      "version": "1.0.1",
      "resolved": "https://registry.npmjs.org/sigmund/-/sigmund-1.0.1.tgz",
      "integrity": "sha512-fCvEXfh6NWpm+YSuY2bpXb/VIihqWA6hLsgboC+0nl71Q7N7o2eaCW8mJa/NLvQhs6jpd3VZV4UiUQlV6+lc8g==",
      "dev": true
    },
    "node_modules/source-map": {
      "version": "0.1.43",
      "resolved": "https://registry.npmjs.org/source-map/-/source-map-0.1.43.tgz",
      "integrity": "sha512-VtCvB9SIQhk3aF6h+N85EaqIaBFIAfZ9Cu+NJHHVvc8BbEcnvDcFw6sqQ2dQrT6SlOrZq3tIvyD9+EGq/lJryQ==",
      "dev": true,
      "dependencies": {
        "amdefine": ">=0.0.4"
      },
      "engines": {
        "node": ">=0.8.0"
      }
    },
    "node_modules/underscore": {
      "version": "1.13.6",
      "resolved": "https://registry.npmjs.org/underscore/-/underscore-1.13.6.tgz",
      "integrity": "sha512-+A5Sja4HP1M08MaXya7p5LvjuM7K6q/2EaC0+iovj/wOcMsTzMvDFbasi/oSapiwOlt252IqsKqPjCl7huKS0A==",
      "dev": true
    },
    "node_modules/underscore-plus": {
      "version": "1.7.0",
      "resolved": "https://registry.npmjs.org/underscore-plus/-/underscore-plus-1.7.0.tgz",
      "integrity": "sha512-A3BEzkeicFLnr+U/Q3EyWwJAQPbA19mtZZ4h+lLq3ttm9kn8WC4R3YpuJZEXmWdLjYP47Zc8aLZm9kwdv+zzvA==",
      "dev": true,
      "dependencies": {
        "underscore": "^1.9.1"
      }
    },
    "node_modules/walkdir": {
      "version": "0.0.7",
      "resolved": "https://registry.npmjs.org/walkdir/-/walkdir-0.0.7.tgz",
      "integrity": "sha512-onj2wLVXrMWx/Ptvb1fobwLsoU/Aah+WHzcdu1iUXDKaJX12HWQsTF/41TwUBSULvNf+EjYMXoKePPt3x8FcXA==",
      "dev": true,
      "engines": {
        "node": ">=0.6.0"
      }
    },
    "node_modules/wrappy": {
      "version": "1.0.2",
      "resolved": "https://registry.npmjs.org/wrappy/-/wrappy-1.0.2.tgz",
      "integrity": "sha512-l4Sp/DRseor9wL6EvV2+TuQn63dMkPjZ/sp9XkghTEbV9KlPS1xUsZ3u7/IQO4wxtcFB4bgpQPRcR3QCvezPcQ==",
      "dev": true
    }
  },
  "dependencies": {
    "@xmldom/xmldom": {
      "version": "0.8.8",
      "resolved": "https://registry.npmjs.org/@xmldom/xmldom/-/xmldom-0.8.8.tgz",
      "integrity": "sha512-0LNz4EY8B/8xXY86wMrQ4tz6zEHZv9ehFMJPm8u2gq5lQ71cfRKdaKyxfJAx5aUoyzx0qzgURblTisPGgz3d+Q==",
      "dev": true
    },
    "amdefine": {
      "version": "1.0.1",
      "resolved": "https://registry.npmjs.org/amdefine/-/amdefine-1.0.1.tgz",
      "integrity": "sha512-S2Hw0TtNkMJhIabBwIojKL9YHO5T0n5eNqWJ7Lrlel/zDbftQpxpapi8tZs3X1HWa+u+QeydGmzzNU0m09+Rcg==",
      "dev": true
    },
    "balanced-match": {
      "version": "1.0.2",
      "resolved": "https://registry.npmjs.org/balanced-match/-/balanced-match-1.0.2.tgz",
      "integrity": "sha512-3oSeUO0TMV67hN1AmbXsK4yaqU7tjiHlbxRDZOpH0KW9+CeX4bRAaX0Anxt0tx2MrpRpWwQaPwIlISEJhYU5Pw==",
      "dev": true
    },
    "brace-expansion": {
      "version": "1.1.11",
      "resolved": "https://registry.npmjs.org/brace-expansion/-/brace-expansion-1.1.11.tgz",
      "integrity": "sha512-iCuPHDFgrHX7H2vEI/5xpz07zSHB00TpugqhmYtVmMO6518mCuRMoOYFldEBl0g187ufozdaHgWKcYFb61qGiA==",
      "dev": true,
      "requires": {
        "balanced-match": "^1.0.0",
        "concat-map": "0.0.1"
      }
    },
    "coffee-script": {
      "version": "1.3.3",
      "resolved": "https://registry.npmjs.org/coffee-script/-/coffee-script-1.3.3.tgz",
      "integrity": "sha512-QjQ1T4BqyHv19k6XSfdhy/QLlIOhywz0ekBUCa9h71zYMJlfDTGan/Z1JXzYkZ6v8R+GhvL/p4FZPbPW8WNXlg==",
      "dev": true
    },
    "coffeestack": {
      "version": "1.2.0",
      "resolved": "https://registry.npmjs.org/coffeestack/-/coffeestack-1.2.0.tgz",
      "integrity": "sha512-vXT7ZxSZ4lXHh/0A2cODyFqrVIl4Vb0Er5wcS2SrFN4jW8g1qIAmcMsRlRdUKvnvfmKixvENYspAyF/ihWbpyw==",
      "dev": true,
      "requires": {
        "coffee-script": "~1.8.0",
        "fs-plus": "^3.1.1",
        "source-map": "~0.1.43"
      },
      "dependencies": {
        "coffee-script": {
          "version": "1.8.0",
          "resolved": "https://registry.npmjs.org/coffee-script/-/coffee-script-1.8.0.tgz",
          "integrity": "sha512-EvLTMcu9vR6G1yfnz75yrISvhq1eBPC+pZbQhHzTiC5vXgpYIrArxQc5tB+SYfBi3souVdSZ4AZzYxI72oLXUw==",
          "dev": true,
          "requires": {
            "mkdirp": "~0.3.5"
          }
        }
      }
    },
    "concat-map": {
      "version": "0.0.1",
      "resolved": "https://registry.npmjs.org/concat-map/-/concat-map-0.0.1.tgz",
      "integrity": "sha512-/Srv4dswyQNBfohGpz9o6Yb3Gz3SrUDqBH5rTuhGR7ahtlbYKnVxw2bCFMRljaA7EXHaXZ8wsHdodFvbkhKmqg==",
      "dev": true
    },
    "fileset": {
      "version": "0.1.8",
      "resolved": "https://registry.npmjs.org/fileset/-/fileset-0.1.8.tgz",
      "integrity": "sha512-Gg0/Iy/v4BfdGWZpbpVBPKIYcap7jMn2uT5lcIDZyMFZR35VDojrJnIAwWjCj7ZOqsGp3j+ExWKqnfGrz4q0fg==",
      "dev": true,
      "requires": {
        "glob": "3.x",
        "minimatch": "0.x"
      }
    },
    "fs-plus": {
      "version": "3.1.1",
      "resolved": "https://registry.npmjs.org/fs-plus/-/fs-plus-3.1.1.tgz",
      "integrity": "sha512-Se2PJdOWXqos1qVTkvqqjb0CSnfBnwwD+pq+z4ksT+e97mEShod/hrNg0TRCCsXPbJzcIq+NuzQhigunMWMJUA==",
      "dev": true,
      "requires": {
        "async": "^1.5.2",
        "mkdirp": "^0.5.1",
        "rimraf": "^2.5.2",
        "underscore-plus": "1.x"
      },
      "dependencies": {
        "async": {
          "version": "1.5.2",
          "resolved": "https://registry.npmjs.org/async/-/async-1.5.2.tgz",
          "integrity": "sha512-nSVgobk4rv61R9PUSDtYt7mPVB2olxNR5RWJcAsH676/ef11bUZwvu7+RGYrYauVdDPcO519v68wRhXQtxsV9w==",
          "dev": true
        },
        "minimist": {
          "version": "1.2.8",
          "resolved": "https://registry.npmjs.org/minimist/-/minimist-1.2.8.tgz",
          "integrity": "sha512-2yyAR8qBkN3YuheJanUpWC5U3bb5osDywNB8RzDVlDwDHbocAJveqqj1u8+SVD7jkWT4yvsHCpWqqWqAxb0zCA==",
          "dev": true
        },
        "mkdirp": {
          "version": "0.5.6",
          "resolved": "https://registry.npmjs.org/mkdirp/-/mkdirp-0.5.6.tgz",
          "integrity": "sha512-FP+p8RB8OWpF3YZBCrP5gtADmtXApB5AMLn+vdyA+PyxCjrCs00mjyUozssO33cwDeT3wNGdLxJ5M//YqtHAJw==",
          "dev": true,
          "requires": {
            "minimist": "^1.2.6"
          }
        }
      }
    },
    "fs.realpath": {
      "version": "1.0.0",
      "resolved": "https://registry.npmjs.org/fs.realpath/-/fs.realpath-1.0.0.tgz",
      "integrity": "sha512-OO0pH2lK6a0hZnAdau5ItzHPI6pUlvI7jMVnxUQRtw4owF2wk8lOSabtGDCTP4Ggrg2MbGnWO9X8K1t4+fGMDw==",
      "dev": true
    },
    "gaze": {
      "version": "0.3.4",
      "resolved": "https://registry.npmjs.org/gaze/-/gaze-0.3.4.tgz",
      "integrity": "sha512-vIK81ZT20o9X0LOHYDGo5Phq6FaQRjDjBN2KkbYSxlaXnN1WDH0Op0tPThqNVA8ZnmN/TYNZfGHAVkBTrdeBIQ==",
      "dev": true,
      "requires": {
        "fileset": "~0.1.5",
        "minimatch": "~0.2.9"
      }
    },
    "glob": {
      "version": "3.1.21",
      "resolved": "https://registry.npmjs.org/glob/-/glob-3.1.21.tgz",
      "integrity": "sha512-ANhy2V2+tFpRajE3wN4DhkNQ08KDr0Ir1qL12/cUe5+a7STEK8jkW4onUYuY8/06qAFuT5je7mjAqzx0eKI2tQ==",
      "dev": true,
      "requires": {
        "graceful-fs": "~1.2.0",
        "inherits": "1",
        "minimatch": "~0.2.11"
      }
    },
    "graceful-fs": {
      "version": "1.2.3",
      "resolved": "https://registry.npmjs.org/graceful-fs/-/graceful-fs-1.2.3.tgz",
      "integrity": "sha512-iiTUZ5vZ+2ZV+h71XAgwCSu6+NAizhFU3Yw8aC/hH5SQ3SnISqEqAek40imAFGtDcwJKNhXvSY+hzIolnLwcdQ==",
      "dev": true
    },
    "inflight": {
      "version": "1.0.6",
      "resolved": "https://registry.npmjs.org/inflight/-/inflight-1.0.6.tgz",
      "integrity": "sha512-k92I/b08q4wvFscXCLvqfsHCrjrF7yiXsQuIVvVE7N82W3+aqpzuUdBbfhWcy/FZR3/4IgflMgKLOsvPDrGCJA==",
      "dev": true,
      "requires": {
        "once": "^1.3.0",
        "wrappy": "1"
      }
    },
    "inherits": {
      "version": "1.0.2",
      "resolved": "https://registry.npmjs.org/inherits/-/inherits-1.0.2.tgz",
      "integrity": "sha512-Al67oatbRSo3RV5hRqIoln6Y5yMVbJSIn4jEJNL7VCImzq/kLr7vvb6sFRJXqr8rpHc/2kJOM+y0sPKN47VdzA==",
      "dev": true
    },
    "jasmine-focused": {
      "version": "1.0.7",
      "resolved": "https://registry.npmjs.org/jasmine-focused/-/jasmine-focused-1.0.7.tgz",
      "integrity": "sha512-FYJImuqPz3O0T1aOBrRfwgGNMfp/NAa2ywmqDkKWZ1hAxXZ4ZAzfFZ8AK+yKfWpCQSjXFqPuFaKoNTJyvS2sWw==",
      "dev": true,
      "requires": {
        "jasmine-node": "git+https://github.com/kevinsawicki/jasmine-node.git#81af4f953a2b7dfb5bde8331c05362a4b464c5ef",
        "underscore-plus": "1.x",
        "walkdir": "0.0.7"
      }
    },
    "jasmine-node": {
      "version": "git+ssh://git@github.com/kevinsawicki/jasmine-node.git#81af4f953a2b7dfb5bde8331c05362a4b464c5ef",
      "integrity": "sha512-9/CfhW6xutlSUf/ZJ67kFqYxa4TE2B33EhHJkjQWijIIYx7XtYm+9Zhmf8401Xn1+m+ZcdOwaM8ldxCPiMFNyw==",
      "dev": true,
      "from": "jasmine-node@git+https://github.com/kevinsawicki/jasmine-node.git#81af4f953a2b7dfb5bde8331c05362a4b464c5ef",
      "requires": {
        "coffee-script": ">=1.0.1",
        "coffeestack": ">=1 <2",
        "gaze": "~0.3.2",
        "jasmine-reporters": ">=0.2.0",
        "mkdirp": "~0.3.5",
        "requirejs": ">=0.27.1",
        "underscore": ">= 1.3.1",
        "walkdir": ">= 0.0.1"
      }
    },
    "jasmine-reporters": {
      "version": "2.5.2",
      "resolved": "https://registry.npmjs.org/jasmine-reporters/-/jasmine-reporters-2.5.2.tgz",
      "integrity": "sha512-qdewRUuFOSiWhiyWZX8Yx3YNQ9JG51ntBEO4ekLQRpktxFTwUHy24a86zD/Oi2BRTKksEdfWQZcQFqzjqIkPig==",
      "dev": true,
      "requires": {
        "@xmldom/xmldom": "^0.8.5",
        "mkdirp": "^1.0.4"
      },
      "dependencies": {
        "mkdirp": {
          "version": "1.0.4",
          "resolved": "https://registry.npmjs.org/mkdirp/-/mkdirp-1.0.4.tgz",
          "integrity": "sha512-vVqVZQyf3WLx2Shd0qJ9xuvqgAyKPLAiqITEtqW0oIUjzo3PePDd6fW9iFz30ef7Ysp/oiWqbhszeGWW2T6Gzw==",
          "dev": true
        }
      }
    },
    "lru-cache": {
      "version": "2.7.3",
      "resolved": "https://registry.npmjs.org/lru-cache/-/lru-cache-2.7.3.tgz",
      "integrity": "sha512-WpibWJ60c3AgAz8a2iYErDrcT2C7OmKnsWhIcHOjkUHFjkXncJhtLxNSqUmxRxRunpb5I8Vprd7aNSd2NtksJQ==",
      "dev": true
    },
    "minimatch": {
      "version": "0.2.14",
      "resolved": "https://registry.npmjs.org/minimatch/-/minimatch-0.2.14.tgz",
      "integrity": "sha512-zZ+Jy8lVWlvqqeM8iZB7w7KmQkoJn8djM585z88rywrEbzoqawVa9FR5p2hwD+y74nfuKOjmNvi9gtWJNLqHvA==",
      "dev": true,
      "requires": {
        "lru-cache": "2",
        "sigmund": "~1.0.0"
      }
    },
    "mixto": {
      "version": "1.0.0",
      "resolved": "https://registry.npmjs.org/mixto/-/mixto-1.0.0.tgz",
      "integrity": "sha512-g2Kg8O3ww9RbWuPnAgTsAhe+aBwVXoo/lhYyDKTYPiLKdJofAr97O8zTFzW5UfiJUoeJbmXLmcjDAF7/Egwi8Q=="
    },
    "mkdirp": {
      "version": "0.3.5",
      "resolved": "https://registry.npmjs.org/mkdirp/-/mkdirp-0.3.5.tgz",
      "integrity": "sha512-8OCq0De/h9ZxseqzCH8Kw/Filf5pF/vMI6+BH7Lu0jXz2pqYCjTAQRolSxRIi+Ax+oCCjlxoJMP0YQ4XlrQNHg==",
      "dev": true
    },
    "once": {
      "version": "1.4.0",
      "resolved": "https://registry.npmjs.org/once/-/once-1.4.0.tgz",
      "integrity": "sha512-lNaJgI+2Q5URQBkccEKHTQOPaXdUxnZZElQTZY0MFUAuaEqe1E+Nyvgdz/aIyNi6Z9MzO5dv1H8n58/GELp3+w==",
      "dev": true,
      "requires": {
        "wrappy": "1"
      }
    },
    "path-is-absolute": {
      "version": "1.0.1",
      "resolved": "https://registry.npmjs.org/path-is-absolute/-/path-is-absolute-1.0.1.tgz",
      "integrity": "sha512-AVbw3UJ2e9bq64vSaS9Am0fje1Pa8pbGqTTsmXfaIiMpnr5DlDhfJOuLj9Sf95ZPVDAUerDfEk88MPmPe7UCQg==",
      "dev": true
    },
    "requirejs": {
      "version": "2.3.6",
      "resolved": "https://registry.npmjs.org/requirejs/-/requirejs-2.3.6.tgz",
      "integrity": "sha512-ipEzlWQe6RK3jkzikgCupiTbTvm4S0/CAU5GlgptkN5SO6F3u0UD0K18wy6ErDqiCyP4J4YYe1HuAShvsxePLg==",
      "dev": true
    },
    "rimraf": {
      "version": "2.5.4",
      "resolved": "https://registry.npmjs.org/rimraf/-/rimraf-2.5.4.tgz",
      "integrity": "sha512-Lw7SHMjssciQb/rRz7JyPIy9+bbUshEucPoLRvWqy09vC5zQixl8Uet+Zl+SROBB/JMWHJRdCk1qdxNWHNMvlQ==",
      "dev": true,
      "requires": {
        "glob": "^7.0.5"
      },
      "dependencies": {
        "glob": {
          "version": "7.2.3",
          "resolved": "https://registry.npmjs.org/glob/-/glob-7.2.3.tgz",
          "integrity": "sha512-nFR0zLpU2YCaRxwoCJvL6UvCH2JFyFVIvwTLsIf21AuHlMskA1hhTdk+LlYJtOlYt9v6dvszD2BGRqBL+iQK9Q==",
          "dev": true,
          "requires": {
            "fs.realpath": "^1.0.0",
            "inflight": "^1.0.4",
            "inherits": "2",
            "minimatch": "^3.1.1",
            "once": "^1.3.0",
            "path-is-absolute": "^1.0.0"
          }
        },
        "inherits": {
          "version": "2.0.4",
          "resolved": "https://registry.npmjs.org/inherits/-/inherits-2.0.4.tgz",
          "integrity": "sha512-k/vGaX4/Yla3WzyMCvTQOXYeIHvqOKtnqBduzTHpzpQZzAskKMhZ2K+EnBiSM9zGSoIFeMpXKxa4dYeZIQqewQ==",
          "dev": true
        },
        "minimatch": {
          "version": "3.1.2",
          "resolved": "https://registry.npmjs.org/minimatch/-/minimatch-3.1.2.tgz",
          "integrity": "sha512-J7p63hRiAjw1NDEww1W7i37+ByIrOWO5XQQAzZ3VOcL0PNybwpfmV/N05zFAzwQ9USyEcX6t3UO+K5aqBQOIHw==",
          "dev": true,
          "requires": {
            "brace-expansion": "^1.1.7"
          }
        }
      }
    },
    "sigmund": {
      "version": "1.0.1",
      "resolved": "https://registry.npmjs.org/sigmund/-/sigmund-1.0.1.tgz",
      "integrity": "sha512-fCvEXfh6NWpm+YSuY2bpXb/VIihqWA6hLsgboC+0nl71Q7N7o2eaCW8mJa/NLvQhs6jpd3VZV4UiUQlV6+lc8g==",
      "dev": true
    },
    "source-map": {
      "version": "0.1.43",
      "resolved": "https://registry.npmjs.org/source-map/-/source-map-0.1.43.tgz",
      "integrity": "sha512-VtCvB9SIQhk3aF6h+N85EaqIaBFIAfZ9Cu+NJHHVvc8BbEcnvDcFw6sqQ2dQrT6SlOrZq3tIvyD9+EGq/lJryQ==",
      "dev": true,
      "requires": {
        "amdefine": ">=0.0.4"
      }
    },
    "underscore": {
      "version": "1.13.6",
      "resolved": "https://registry.npmjs.org/underscore/-/underscore-1.13.6.tgz",
      "integrity": "sha512-+A5Sja4HP1M08MaXya7p5LvjuM7K6q/2EaC0+iovj/wOcMsTzMvDFbasi/oSapiwOlt252IqsKqPjCl7huKS0A==",
      "dev": true
    },
    "underscore-plus": {
      "version": "1.7.0",
      "resolved": "https://registry.npmjs.org/underscore-plus/-/underscore-plus-1.7.0.tgz",
      "integrity": "sha512-A3BEzkeicFLnr+U/Q3EyWwJAQPbA19mtZZ4h+lLq3ttm9kn8WC4R3YpuJZEXmWdLjYP47Zc8aLZm9kwdv+zzvA==",
      "dev": true,
      "requires": {
        "underscore": "^1.9.1"
      }
    },
    "walkdir": {
      "version": "0.0.7",
      "resolved": "https://registry.npmjs.org/walkdir/-/walkdir-0.0.7.tgz",
      "integrity": "sha512-onj2wLVXrMWx/Ptvb1fobwLsoU/Aah+WHzcdu1iUXDKaJX12HWQsTF/41TwUBSULvNf+EjYMXoKePPt3x8FcXA==",
      "dev": true
    },
    "wrappy": {
      "version": "1.0.2",
      "resolved": "https://registry.npmjs.org/wrappy/-/wrappy-1.0.2.tgz",
      "integrity": "sha512-l4Sp/DRseor9wL6EvV2+TuQn63dMkPjZ/sp9XkghTEbV9KlPS1xUsZ3u7/IQO4wxtcFB4bgpQPRcR3QCvezPcQ==",
      "dev": true
    }
  }
}
